
Microsoft Visual Studio Solution File, Format Version 12.00
# Visual Studio Version 17
VisualStudioVersion = 17.4.33213.308
MinimumVisualStudioVersion = 10.0.40219.1
Project("{9A19103F-16F7-4668-BE54-9A1E7A4F7556}") = "BlackCoderDocFoldersManagerTool", "BlackCoderDocFoldersManagerTool.csproj", "{87DD3BD1-A903-4BA8-89A9-75BD7FC6835A}"
EndProject
Global
	GlobalSection(SolutionConfigurationPlatforms) = preSolution
		Debug|Any CPU = Debug|Any CPU
		Release|Any CPU = Release|Any CPU
	EndGlobalSection
	GlobalSection(ProjectConfigurationPlatforms) = postSolution
		{87DD3BD1-A903-4BA8-89A9-75BD7FC6835A}.Debug|Any CPU.ActiveCfg = Debug|Any CPU
		{87DD3BD1-A903-4BA8-89A9-75BD7FC6835A}.Debug|Any CPU.Build.0 = Debug|Any CPU
		{87DD3BD1-A903-4BA8-89A9-75BD7FC6835A}.Release|Any CPU.ActiveCfg = Release|Any CPU
		{87DD3BD1-A903-4BA8-89A9-75BD7FC6835A}.Release|Any CPU.Build.0 = Release|Any CPU
	EndGlobalSection
	GlobalSection(SolutionProperties) = preSolution
		HideSolutionNode = FALSE
	EndGlobalSection
	GlobalSection(ExtensibilityGlobals) = postSolution
		SolutionGuid = {BBAEE7C6-515A-47E1-8F24-E386307DA525}
	EndGlobalSection
EndGlobal
